
Microsoft Visual Studio Solution File, Format Version 12.00
# Visual Studio Version 17
VisualStudioVersion = 17.7.34031.279
MinimumVisualStudioVersion = 10.0.40219.1
Project("{9A19103F-16F7-4668-BE54-9A1E7A4F7556}") = "NewsAPI", "NewsAPI.csproj", "{9EA87602-E83C-4F14-9130-2670D5D6EAD8}"
EndProject
Project("{FAE04EC0-301F-11D3-BF4B-00C04F79EFBC}") = "NewsAPITest", "..\NewsAPITest\NewsAPITest.csproj", "{831281EB-EDA3-4DED-BE32-5D92D7ABCBC3}"
EndProject
Global
	GlobalSection(SolutionConfigurationPlatforms) = preSolution
		Debug|Any CPU = Debug|Any CPU
		Release|Any CPU = Release|Any CPU
	EndGlobalSection
	GlobalSection(ProjectConfigurationPlatforms) = postSolution
		{9EA87602-E83C-4F14-9130-2670D5D6EAD8}.Debug|Any CPU.ActiveCfg = Debug|Any CPU
		{9EA87602-E83C-4F14-9130-2670D5D6EAD8}.Debug|Any CPU.Build.0 = Debug|Any CPU
		{9EA87602-E83C-4F14-9130-2670D5D6EAD8}.Release|Any CPU.ActiveCfg = Release|Any CPU
		{9EA87602-E83C-4F14-9130-2670D5D6EAD8}.Release|Any CPU.Build.0 = Release|Any CPU
		{831281EB-EDA3-4DED-BE32-5D92D7ABCBC3}.Debug|Any CPU.ActiveCfg = Debug|Any CPU
		{831281EB-EDA3-4DED-BE32-5D92D7ABCBC3}.Debug|Any CPU.Build.0 = Debug|Any CPU
		{831281EB-EDA3-4DED-BE32-5D92D7ABCBC3}.Release|Any CPU.ActiveCfg = Release|Any CPU
		{831281EB-EDA3-4DED-BE32-5D92D7ABCBC3}.Release|Any CPU.Build.0 = Release|Any CPU
	EndGlobalSection
	GlobalSection(SolutionProperties) = preSolution
		HideSolutionNode = FALSE
	EndGlobalSection
	GlobalSection(ExtensibilityGlobals) = postSolution
		SolutionGuid = {6DE18262-9815-4C63-8873-C60051504F34}
	EndGlobalSection
EndGlobal
